// !$*UTF8*$!
{
	archiveVersion = 1;
	classes = {
	};
	objectVersion = 56;
	objects = {

/* Begin PBXBuildFile section */
		EEB0639D2927173400EC9DCC /* AppDelegate.swift in Sources */ = {isa = PBXBuildFile; fileRef = EEB0639C2927173400EC9DCC /* AppDelegate.swift */; };
		EEB0639F2927173400EC9DCC /* SceneDelegate.swift in Sources */ = {isa = PBXBuildFile; fileRef = EEB0639E2927173400EC9DCC /* SceneDelegate.swift */; };
		EEB063A12927173400EC9DCC /* ViewController.swift in Sources */ = {isa = PBXBuildFile; fileRef = EEB063A02927173400EC9DCC /* ViewController.swift */; };
		EEB063A42927173400EC9DCC /* Main.storyboard in Resources */ = {isa = PBXBuildFile; fileRef = EEB063A22927173400EC9DCC /* Main.storyboard */; };
		EEB063A62927173500EC9DCC /* Assets.xcassets in Resources */ = {isa = PBXBuildFile; fileRef = EEB063A52927173500EC9DCC /* Assets.xcassets */; };
		EEB063A92927173500EC9DCC /* LaunchScreen.storyboard in Resources */ = {isa = PBXBuildFile; fileRef = EEB063A72927173500EC9DCC /* LaunchScreen.storyboard */; };
		EEB063B42927173500EC9DCC /* SSSTests.swift in Sources */ = {isa = PBXBuildFile; fileRef = EEB063B32927173500EC9DCC /* SSSTests.swift */; };
		EEB063BE2927173500EC9DCC /* SSSUITests.swift in Sources */ = {isa = PBXBuildFile; fileRef = EEB063BD2927173500EC9DCC /* SSSUITests.swift */; };
		EEB063C02927173500EC9DCC /* SSSUITestsLaunchTests.swift in Sources */ = {isa = PBXBuildFile; fileRef = EEB063BF2927173500EC9DCC /* SSSUITestsLaunchTests.swift */; };
		EEB063D0292717AE00EC9DCC /* SpeechView.swift in Sources */ = {isa = PBXBuildFile; fileRef = EEB063CC292717AD00EC9DCC /* SpeechView.swift */; };
		EEB063D3292717AE00EC9DCC /* SpeechView.xib in Resources */ = {isa = PBXBuildFile; fileRef = EEB063CF292717AE00EC9DCC /* SpeechView.xib */; };
/* End PBXBuildFile section */

/* Begin PBXContainerItemProxy section */
		EEB063B02927173500EC9DCC /* PBXContainerItemProxy */ = {
			isa = PBXContainerItemProxy;
			containerPortal = EEB063912927173400EC9DCC /* Project object */;
			proxyType = 1;
			remoteGlobalIDString = EEB063982927173400EC9DCC;
			remoteInfo = SSS;
		};
		EEB063BA2927173500EC9DCC /* PBXContainerItemProxy */ = {
			isa = PBXContainerItemProxy;
			containerPortal = EEB063912927173400EC9DCC /* Project object */;
			proxyType = 1;
			remoteGlobalIDString = EEB063982927173400EC9DCC;
			remoteInfo = SSS;
		};
/* End PBXContainerItemProxy section */

/* Begin PBXFileReference section */
		EEB063992927173400EC9DCC /* SSS.app */ = {isa = PBXFileReference; explicitFileType = wrapper.application; includeInIndex = 0; path = SSS.app; sourceTree = BUILT_PRODUCTS_DIR; };
		EEB0639C2927173400EC9DCC /* AppDelegate.swift */ = {isa = PBXFileReference; lastKnownFileType = sourcecode.swift; path = AppDelegate.swift; sourceTree = "<group>"; };
		EEB0639E2927173400EC9DCC /* SceneDelegate.swift */ = {isa = PBXFileReference; lastKnownFileType = sourcecode.swift; path = SceneDelegate.swift; sourceTree = "<group>"; };
		EEB063A02927173400EC9DCC /* ViewController.swift */ = {isa = PBXFileReference; lastKnownFileType = sourcecode.swift; path = ViewController.swift; sourceTree = "<group>"; };
		EEB063A32927173400EC9DCC /* Base */ = {isa = PBXFileReference; lastKnownFileType = file.storyboard; name = Base; path = Base.lproj/Main.storyboard; sourceTree = "<group>"; };
		EEB063A52927173500EC9DCC /* Assets.xcassets */ = {isa = PBXFileReference; lastKnownFileType = folder.assetcatalog; path = Assets.xcassets; sourceTree = "<group>"; };
		EEB063A82927173500EC9DCC /* Base */ = {isa = PBXFileReference; lastKnownFileType = file.storyboard; name = Base; path = Base.lproj/LaunchScreen.storyboard; sourceTree = "<group>"; };
		EEB063AA2927173500EC9DCC /* Info.plist */ = {isa = PBXFileReference; lastKnownFileType = text.plist.xml; path = Info.plist; sourceTree = "<group>"; };
		EEB063AF2927173500EC9DCC /* SSSTests.xctest */ = {isa = PBXFileReference; explicitFileType = wrapper.cfbundle; includeInIndex = 0; path = SSSTests.xctest; sourceTree = BUILT_PRODUCTS_DIR; };
		EEB063B32927173500EC9DCC /* SSSTests.swift */ = {isa = PBXFileReference; lastKnownFileType = sourcecode.swift; path = SSSTests.swift; sourceTree = "<group>"; };
		EEB063B92927173500EC9DCC /* SSSUITests.xctest */ = {isa = PBXFileReference; explicitFileType = wrapper.cfbundle; includeInIndex = 0; path = SSSUITests.xctest; sourceTree = BUILT_PRODUCTS_DIR; };
		EEB063BD2927173500EC9DCC /* SSSUITests.swift */ = {isa = PBXFileReference; lastKnownFileType = sourcecode.swift; path = SSSUITests.swift; sourceTree = "<group>"; };
		EEB063BF2927173500EC9DCC /* SSSUITestsLaunchTests.swift */ = {isa = PBXFileReference; lastKnownFileType = sourcecode.swift; path = SSSUITestsLaunchTests.swift; sourceTree = "<group>"; };
		EEB063CC292717AD00EC9DCC /* SpeechView.swift */ = {isa = PBXFileReference; fileEncoding = 4; lastKnownFileType = sourcecode.swift; path = SpeechView.swift; sourceTree = "<group>"; };
		EEB063CF292717AE00EC9DCC /* SpeechView.xib */ = {isa = PBXFileReference; fileEncoding = 4; lastKnownFileType = file.xib; path = SpeechView.xib; sourceTree = "<group>"; };
/* End PBXFileReference section */

/* Begin PBXFrameworksBuildPhase section */
		EEB063962927173400EC9DCC /* Frameworks */ = {
			isa = PBXFrameworksBuildPhase;
			buildActionMask = 2147483647;
			files = (
			);
			runOnlyForDeploymentPostprocessing = 0;
		};
		EEB063AC2927173500EC9DCC /* Frameworks */ = {
			isa = PBXFrameworksBuildPhase;
			buildActionMask = 2147483647;
			files = (
			);
			runOnlyForDeploymentPostprocessing = 0;
		};
		EEB063B62927173500EC9DCC /* Frameworks */ = {
			isa = PBXFrameworksBuildPhase;
			buildActionMask = 2147483647;
			files = (
			);
			runOnlyForDeploymentPostprocessing = 0;
		};
/* End PBXFrameworksBuildPhase section */

/* Begin PBXGroup section */
		EEB063902927173400EC9DCC = {
			isa = PBXGroup;
			children = (
				EEB0639B2927173400EC9DCC /* SSS */,
				EEB063B22927173500EC9DCC /* SSSTests */,
				EEB063BC2927173500EC9DCC /* SSSUITests */,
				EEB0639A2927173400EC9DCC /* Products */,
			);
			sourceTree = "<group>";
		};
		EEB0639A2927173400EC9DCC /* Products */ = {
			isa = PBXGroup;
			children = (
				EEB063992927173400EC9DCC /* SSS.app */,
				EEB063AF2927173500EC9DCC /* SSSTests.xctest */,
				EEB063B92927173500EC9DCC /* SSSUITests.xctest */,
			);
			name = Products;
			sourceTree = "<group>";
		};
		EEB0639B2927173400EC9DCC /* SSS */ = {
			isa = PBXGroup;
			children = (
				EEB063CC292717AD00EC9DCC /* SpeechView.swift */,
				EEB063CF292717AE00EC9DCC /* SpeechView.xib */,
				EEB0639C2927173400EC9DCC /* AppDelegate.swift */,
				EEB0639E2927173400EC9DCC /* SceneDelegate.swift */,
				EEB063A02927173400EC9DCC /* ViewController.swift */,
				EEB063A22927173400EC9DCC /* Main.storyboard */,
				EEB063A52927173500EC9DCC /* Assets.xcassets */,
				EEB063A72927173500EC9DCC /* LaunchScreen.storyboard */,
				EEB063AA2927173500EC9DCC /* Info.plist */,
			);
			path = SSS;
			sourceTree = "<group>";
		};
		EEB063B22927173500EC9DCC /* SSSTests */ = {
			isa = PBXGroup;
			children = (
				EEB063B32927173500EC9DCC /* SSSTests.swift */,
			);
			path = SSSTests;
			sourceTree = "<group>";
		};
		EEB063BC2927173500EC9DCC /* SSSUITests */ = {
			isa = PBXGroup;
			children = (
				EEB063BD2927173500EC9DCC /* SSSUITests.swift */,
				EEB063BF2927173500EC9DCC /* SSSUITestsLaunchTests.swift */,
			);
			path = SSSUITests;
			sourceTree = "<group>";
		};
/* End PBXGroup section */

/* Begin PBXNativeTarget section */
		EEB063982927173400EC9DCC /* SSS */ = {
			isa = PBXNativeTarget;
			buildConfigurationList = EEB063C32927173500EC9DCC /* Build configuration list for PBXNativeTarget "SSS" */;
			buildPhases = (
				EEB063952927173400EC9DCC /* Sources */,
				EEB063962927173400EC9DCC /* Frameworks */,
				EEB063972927173400EC9DCC /* Resources */,
			);
			buildRules = (
			);
			dependencies = (
			);
			name = SSS;
			productName = SSS;
			productReference = EEB063992927173400EC9DCC /* SSS.app */;
			productType = "com.apple.product-type.application";
		};
		EEB063AE2927173500EC9DCC /* SSSTests */ = {
			isa = PBXNativeTarget;
			buildConfigurationList = EEB063C62927173500EC9DCC /* Build configuration list for PBXNativeTarget "SSSTests" */;
			buildPhases = (
				EEB063AB2927173500EC9DCC /* Sources */,
				EEB063AC2927173500EC9DCC /* Frameworks */,
				EEB063AD2927173500EC9DCC /* Resources */,
			);
			buildRules = (
			);
			dependencies = (
				EEB063B12927173500EC9DCC /* PBXTargetDependency */,
			);
			name = SSSTests;
			productName = SSSTests;
			productReference = EEB063AF2927173500EC9DCC /* SSSTests.xctest */;
			productType = "com.apple.product-type.bundle.unit-test";
		};
		EEB063B82927173500EC9DCC /* SSSUITests */ = {
			isa = PBXNativeTarget;
			buildConfigurationList = EEB063C92927173500EC9DCC /* Build configuration list for PBXNativeTarget "SSSUITests" */;
			buildPhases = (
				EEB063B52927173500EC9DCC /* Sources */,
				EEB063B62927173500EC9DCC /* Frameworks */,
				EEB063B72927173500EC9DCC /* Resources */,
			);
			buildRules = (
			);
			dependencies = (
				EEB063BB2927173500EC9DCC /* PBXTargetDependency */,
			);
			name = SSSUITests;
			productName = SSSUITests;
			productReference = EEB063B92927173500EC9DCC /* SSSUITests.xctest */;
			productType = "com.apple.product-type.bundle.ui-testing";
		};
/* End PBXNativeTarget section */

/* Begin PBXProject section */
		EEB063912927173400EC9DCC /* Project object */ = {
			isa = PBXProject;
			attributes = {
				BuildIndependentTargetsInParallel = 1;
				LastSwiftUpdateCheck = 1410;
				LastUpgradeCheck = 1410;
				TargetAttributes = {
					EEB063982927173400EC9DCC = {
						CreatedOnToolsVersion = 14.1;
					};
					EEB063AE2927173500EC9DCC = {
						CreatedOnToolsVersion = 14.1;
						TestTargetID = EEB063982927173400EC9DCC;
					};
					EEB063B82927173500EC9DCC = {
						CreatedOnToolsVersion = 14.1;
						TestTargetID = EEB063982927173400EC9DCC;
					};
				};
			};
			buildConfigurationList = EEB063942927173400EC9DCC /* Build configuration list for PBXProject "SSS" */;
			compatibilityVersion = "Xcode 14.0";
			developmentRegion = en;
			hasScannedForEncodings = 0;
			knownRegions = (
				en,
				Base,
			);
			mainGroup = EEB063902927173400EC9DCC;
			productRefGroup = EEB0639A2927173400EC9DCC /* Products */;
			projectDirPath = "";
			projectRoot = "";
			targets = (
				EEB063982927173400EC9DCC /* SSS */,
				EEB063AE2927173500EC9DCC /* SSSTests */,
				EEB063B82927173500EC9DCC /* SSSUITests */,
			);
		};
/* End PBXProject section */

/* Begin PBXResourcesBuildPhase section */
		EEB063972927173400EC9DCC /* Resources */ = {
			isa = PBXResourcesBuildPhase;
			buildActionMask = 2147483647;
			files = (
				EEB063A92927173500EC9DCC /* LaunchScreen.storyboard in Resources */,
				EEB063D3292717AE00EC9DCC /* SpeechView.xib in Resources */,
				EEB063A62927173500EC9DCC /* Assets.xcassets in Resources */,
				EEB063A42927173400EC9DCC /* Main.storyboard in Resources */,
			);
			runOnlyForDeploymentPostprocessing = 0;
		};
		EEB063AD2927173500EC9DCC /* Resources */ = {
			isa = PBXResourcesBuildPhase;
			buildActionMask = 2147483647;
			files = (
			);
			runOnlyForDeploymentPostprocessing = 0;
		};
		EEB063B72927173500EC9DCC /* Resources */ = {
			isa = PBXResourcesBuildPhase;
			buildActionMask = 2147483647;
			files = (
			);
			runOnlyForDeploymentPostprocessing = 0;
		};
/* End PBXResourcesBuildPhase section */

/* Begin PBXSourcesBuildPhase section */
		EEB063952927173400EC9DCC /* Sources */ = {
			isa = PBXSourcesBuildPhase;
			buildActionMask = 2147483647;
			files = (
				EEB063A12927173400EC9DCC /* ViewController.swift in Sources */,
				EEB0639D2927173400EC9DCC /* AppDelegate.swift in Sources */,
				EEB063D0292717AE00EC9DCC /* SpeechView.swift in Sources */,
				EEB0639F2927173400EC9DCC /* SceneDelegate.swift in Sources */,
			);
			runOnlyForDeploymentPostprocessing = 0;
		};
		EEB063AB2927173500EC9DCC /* Sources */ = {
			isa = PBXSourcesBuildPhase;
			buildActionMask = 2147483647;
			files = (
				EEB063B42927173500EC9DCC /* SSSTests.swift in Sources */,
			);
			runOnlyForDeploymentPostprocessing = 0;
		};
		EEB063B52927173500EC9DCC /* Sources */ = {
			isa = PBXSourcesBuildPhase;
			buildActionMask = 2147483647;
			files = (
				EEB063C02927173500EC9DCC /* SSSUITestsLaunchTests.swift in Sources */,
				EEB063BE2927173500EC9DCC /* SSSUITests.swift in Sources */,
			);
			runOnlyForDeploymentPostprocessing = 0;
		};
/* End PBXSourcesBuildPhase section */

/* Begin PBXTargetDependency section */
		EEB063B12927173500EC9DCC /* PBXTargetDependency */ = {
			isa = PBXTargetDependency;
			target = EEB063982927173400EC9DCC /* SSS */;
			targetProxy = EEB063B02927173500EC9DCC /* PBXContainerItemProxy */;
		};
		EEB063BB2927173500EC9DCC /* PBXTargetDependency */ = {
			isa = PBXTargetDependency;
			target = EEB063982927173400EC9DCC /* SSS */;
			targetProxy = EEB063BA2927173500EC9DCC /* PBXContainerItemProxy */;
		};
/* End PBXTargetDependency section */

/* Begin PBXVariantGroup section */
		EEB063A22927173400EC9DCC /* Main.storyboard */ = {
			isa = PBXVariantGroup;
			children = (
				EEB063A32927173400EC9DCC /* Base */,
			);
			name = Main.storyboard;
			sourceTree = "<group>";
		};
		EEB063A72927173500EC9DCC /* LaunchScreen.storyboard */ = {
			isa = PBXVariantGroup;
			children = (
				EEB063A82927173500EC9DCC /* Base */,
			);
			name = LaunchScreen.storyboard;
			sourceTree = "<group>";
		};
/* End PBXVariantGroup section */

/* Begin XCBuildConfiguration section */
		EEB063C12927173500EC9DCC /* Debug */ = {
			isa = XCBuildConfiguration;
			buildSettings = {
				ALWAYS_SEARCH_USER_PATHS = NO;
				CLANG_ANALYZER_NONNULL = YES;
				CLANG_ANALYZER_NUMBER_OBJECT_CONVERSION = YES_AGGRESSIVE;
				CLANG_CXX_LANGUAGE_STANDARD = "gnu++20";
				CLANG_ENABLE_MODULES = YES;
				CLANG_ENABLE_OBJC_ARC = YES;
				CLANG_ENABLE_OBJC_WEAK = YES;
				CLANG_WARN_BLOCK_CAPTURE_AUTORELEASING = YES;
				CLANG_WARN_BOOL_CONVERSION = YES;
				CLANG_WARN_COMMA = YES;
				CLANG_WARN_CONSTANT_CONVERSION = YES;
				CLANG_WARN_DEPRECATED_OBJC_IMPLEMENTATIONS = YES;
				CLANG_WARN_DIRECT_OBJC_ISA_USAGE = YES_ERROR;
				CLANG_WARN_DOCUMENTATION_COMMENTS = YES;
				CLANG_WARN_EMPTY_BODY = YES;
				CLANG_WARN_ENUM_CONVERSION = YES;
				CLANG_WARN_INFINITE_RECURSION = YES;
				CLANG_WARN_INT_CONVERSION = YES;
				CLANG_WARN_NON_LITERAL_NULL_CONVERSION = YES;
				CLANG_WARN_OBJC_IMPLICIT_RETAIN_SELF = YES;
				CLANG_WARN_OBJC_LITERAL_CONVERSION = YES;
				CLANG_WARN_OBJC_ROOT_CLASS = YES_ERROR;
				CLANG_WARN_QUOTED_INCLUDE_IN_FRAMEWORK_HEADER = YES;
				CLANG_WARN_RANGE_LOOP_ANALYSIS = YES;
				CLANG_WARN_STRICT_PROTOTYPES = YES;
				CLANG_WARN_SUSPICIOUS_MOVE = YES;
				CLANG_WARN_UNGUARDED_AVAILABILITY = YES_AGGRESSIVE;
				CLANG_WARN_UNREACHABLE_CODE = YES;
				CLANG_WARN__DUPLICATE_METHOD_MATCH = YES;
				COPY_PHASE_STRIP = NO;
				DEBUG_INFORMATION_FORMAT = dwarf;
				ENABLE_STRICT_OBJC_MSGSEND = YES;
				ENABLE_TESTABILITY = YES;
				GCC_C_LANGUAGE_STANDARD = gnu11;
				GCC_DYNAMIC_NO_PIC = NO;
				GCC_NO_COMMON_BLOCKS = YES;
				GCC_OPTIMIZATION_LEVEL = 0;
				GCC_PREPROCESSOR_DEFINITIONS = (
					"DEBUG=1",
					"$(inherited)",
				);
				GCC_WARN_64_TO_32_BIT_CONVERSION = YES;
				GCC_WARN_ABOUT_RETURN_TYPE = YES_ERROR;
				GCC_WARN_UNDECLARED_SELECTOR = YES;
				GCC_WARN_UNINITIALIZED_AUTOS = YES_AGGRESSIVE;
				GCC_WARN_UNUSED_FUNCTION = YES;
				GCC_WARN_UNUSED_VARIABLE = YES;
				IPHONEOS_DEPLOYMENT_TARGET = 16.1;
				MTL_ENABLE_DEBUG_INFO = INCLUDE_SOURCE;
				MTL_FAST_MATH = YES;
				ONLY_ACTIVE_ARCH = YES;
				SDKROOT = iphoneos;
				SWIFT_ACTIVE_COMPILATION_CONDITIONS = DEBUG;
				SWIFT_OPTIMIZATION_LEVEL = "-Onone";
			};
			name = Debug;
		};
		EEB063C22927173500EC9DCC /* Release */ = {
			isa = XCBuildConfiguration;
			buildSettings = {
				ALWAYS_SEARCH_USER_PATHS = NO;
				CLANG_ANALYZER_NONNULL = YES;
				CLANG_ANALYZER_NUMBER_OBJECT_CONVERSION = YES_AGGRESSIVE;
				CLANG_CXX_LANGUAGE_STANDARD = "gnu++20";
				CLANG_ENABLE_MODULES = YES;
				CLANG_ENABLE_OBJC_ARC = YES;
				CLANG_ENABLE_OBJC_WEAK = YES;
				CLANG_WARN_BLOCK_CAPTURE_AUTORELEASING = YES;
				CLANG_WARN_BOOL_CONVERSION = YES;
				CLANG_WARN_COMMA = YES;
				CLANG_WARN_CONSTANT_CONVERSION = YES;
				CLANG_WARN_DEPRECATED_OBJC_IMPLEMENTATIONS = YES;
				CLANG_WARN_DIRECT_OBJC_ISA_USAGE = YES_ERROR;
				CLANG_WARN_DOCUMENTATION_COMMENTS = YES;
				CLANG_WARN_EMPTY_BODY = YES;
				CLANG_WARN_ENUM_CONVERSION = YES;
				CLANG_WARN_INFINITE_RECURSION = YES;
				CLANG_WARN_INT_CONVERSION = YES;
				CLANG_WARN_NON_LITERAL_NULL_CONVERSION = YES;
				CLANG_WARN_OBJC_IMPLICIT_RETAIN_SELF = YES;
				CLANG_WARN_OBJC_LITERAL_CONVERSION = YES;
				CLANG_WARN_OBJC_ROOT_CLASS = YES_ERROR;
				CLANG_WARN_QUOTED_INCLUDE_IN_FRAMEWORK_HEADER = YES;
				CLANG_WARN_RANGE_LOOP_ANALYSIS = YES;
				CLANG_WARN_STRICT_PROTOTYPES = YES;
				CLANG_WARN_SUSPICIOUS_MOVE = YES;
				CLANG_WARN_UNGUARDED_AVAILABILITY = YES_AGGRESSIVE;
				CLANG_WARN_UNREACHABLE_CODE = YES;
				CLANG_WARN__DUPLICATE_METHOD_MATCH = YES;
				COPY_PHASE_STRIP = NO;
				DEBUG_INFORMATION_FORMAT = "dwarf-with-dsym";
				ENABLE_NS_ASSERTIONS = NO;
				ENABLE_STRICT_OBJC_MSGSEND = YES;
				GCC_C_LANGUAGE_STANDARD = gnu11;
				GCC_NO_COMMON_BLOCKS = YES;
				GCC_WARN_64_TO_32_BIT_CONVERSION = YES;
				GCC_WARN_ABOUT_RETURN_TYPE = YES_ERROR;
				GCC_WARN_UNDECLARED_SELECTOR = YES;
				GCC_WARN_UNINITIALIZED_AUTOS = YES_AGGRESSIVE;
				GCC_WARN_UNUSED_FUNCTION = YES;
				GCC_WARN_UNUSED_VARIABLE = YES;
				IPHONEOS_DEPLOYMENT_TARGET = 16.1;
				MTL_ENABLE_DEBUG_INFO = NO;
				MTL_FAST_MATH = YES;
				SDKROOT = iphoneos;
				SWIFT_COMPILATION_MODE = wholemodule;
				SWIFT_OPTIMIZATION_LEVEL = "-O";
				VALIDATE_PRODUCT = YES;
			};
			name = Release;
		};
		EEB063C42927173500EC9DCC /* Debug */ = {
			isa = XCBuildConfiguration;
			buildSettings = {
				ASSETCATALOG_COMPILER_APPICON_NAME = AppIcon;
				ASSETCATALOG_COMPILER_GLOBAL_ACCENT_COLOR_NAME = AccentColor;
				"CODE_SIGN_IDENTITY[sdk=iphoneos*]" = "iPhone Developer";
				CODE_SIGN_STYLE = Manual;
				CURRENT_PROJECT_VERSION = 1;
				DEVELOPMENT_TEAM = "";
				"DEVELOPMENT_TEAM[sdk=iphoneos*]" = 7GSB73UMP3;
				GENERATE_INFOPLIST_FILE = YES;
				INFOPLIST_FILE = SSS/Info.plist;
				INFOPLIST_KEY_CFBundleDisplayName = "Speech Sample";
				INFOPLIST_KEY_NSMicrophoneUsageDescription = "For using speech recognization";
				INFOPLIST_KEY_NSSpeechRecognitionUsageDescription = "For using speech recognization";
				INFOPLIST_KEY_UIApplicationSupportsIndirectInputEvents = YES;
				INFOPLIST_KEY_UILaunchStoryboardName = LaunchScreen;
				INFOPLIST_KEY_UIMainStoryboardFile = Main;
				INFOPLIST_KEY_UISupportedInterfaceOrientations_iPad = "UIInterfaceOrientationPortrait UIInterfaceOrientationPortraitUpsideDown UIInterfaceOrientationLandscapeLeft UIInterfaceOrientationLandscapeRight";
				INFOPLIST_KEY_UISupportedInterfaceOrientations_iPhone = "UIInterfaceOrientationPortrait UIInterfaceOrientationLandscapeLeft UIInterfaceOrientationLandscapeRight";
				LD_RUNPATH_SEARCH_PATHS = (
					"$(inherited)",
					"@executable_path/Frameworks",
				);
				MARKETING_VERSION = 1.0;
				PRODUCT_BUNDLE_IDENTIFIER = khai.SSS;
				PRODUCT_NAME = "$(TARGET_NAME)";
				PROVISIONING_PROFILE_SPECIFIER = "";
				"PROVISIONING_PROFILE_SPECIFIER[sdk=iphoneos*]" = WitchesCommonDeveloper;
				SWIFT_EMIT_LOC_STRINGS = YES;
				SWIFT_VERSION = 5.0;
				TARGETED_DEVICE_FAMILY = "1,2";
			};
			name = Debug;
		};
		EEB063C52927173500EC9DCC /* Release */ = {
			isa = XCBuildConfiguration;
			buildSettings = {
				ASSETCATALOG_COMPILER_APPICON_NAME = AppIcon;
				ASSETCATALOG_COMPILER_GLOBAL_ACCENT_COLOR_NAME = AccentColor;
				"CODE_SIGN_IDENTITY[sdk=iphoneos*]" = "iPhone Developer";
				CODE_SIGN_STYLE = Manual;
				CURRENT_PROJECT_VERSION = 1;
				DEVELOPMENT_TEAM = "";
				"DEVELOPMENT_TEAM[sdk=iphoneos*]" = 7GSB73UMP3;
				GENERATE_INFOPLIST_FILE = YES;
				INFOPLIST_FILE = SSS/Info.plist;
				INFOPLIST_KEY_CFBundleDisplayName = "Speech Sample";
				INFOPLIST_KEY_NSMicrophoneUsageDescription = "For using speech recognization";
				INFOPLIST_KEY_NSSpeechRecognitionUsageDescription = "For using speech recognization";
				INFOPLIST_KEY_UIApplicationSupportsIndirectInputEvents = YES;
				INFOPLIST_KEY_UILaunchStoryboardName = LaunchScreen;
				INFOPLIST_KEY_UIMainStoryboardFile = Main;
				INFOPLIST_KEY_UISupportedInterfaceOrientations_iPad = "UIInterfaceOrientationPortrait UIInterfaceOrientationPortraitUpsideDown UIInterfaceOrientationLandscapeLeft UIInterfaceOrientationLandscapeRight";
				INFOPLIST_KEY_UISupportedInterfaceOrientations_iPhone = "UIInterfaceOrientationPortrait UIInterfaceOrientationLandscapeLeft UIInterfaceOrientationLandscapeRight";
				LD_RUNPATH_SEARCH_PATHS = (
					"$(inherited)",
					"@executable_path/Frameworks",
				);
				MARKETING_VERSION = 1.0;
				PRODUCT_BUNDLE_IDENTIFIER = khai.SSS;
				PRODUCT_NAME = "$(TARGET_NAME)";
				PROVISIONING_PROFILE_SPECIFIER = "";
				"PROVISIONING_PROFILE_SPECIFIER[sdk=iphoneos*]" = WitchesCommonDeveloper;
				SWIFT_EMIT_LOC_STRINGS = YES;
				SWIFT_VERSION = 5.0;
				TARGETED_DEVICE_FAMILY = "1,2";
			};
			name = Release;
		};
		EEB063C72927173500EC9DCC /* Debug */ = {
			isa = XCBuildConfiguration;
			buildSettings = {
				ALWAYS_EMBED_SWIFT_STANDARD_LIBRARIES = YES;
				BUNDLE_LOADER = "$(TEST_HOST)";
				CODE_SIGN_STYLE = Automatic;
				CURRENT_PROJECT_VERSION = 1;
				DEVELOPMENT_TEAM = 7GSB73UMP3;
				GENERATE_INFOPLIST_FILE = YES;
				IPHONEOS_DEPLOYMENT_TARGET = 16.1;
				MARKETING_VERSION = 1.0;
				PRODUCT_BUNDLE_IDENTIFIER = khai.SSSTests;
				PRODUCT_NAME = "$(TARGET_NAME)";
				SWIFT_EMIT_LOC_STRINGS = NO;
				SWIFT_VERSION = 5.0;
				TARGETED_DEVICE_FAMILY = "1,2";
				TEST_HOST = "$(BUILT_PRODUCTS_DIR)/SSS.app/$(BUNDLE_EXECUTABLE_FOLDER_PATH)/SSS";
			};
			name = Debug;
		};
		EEB063C82927173500EC9DCC /* Release */ = {
			isa = XCBuildConfiguration;
			buildSettings = {
				ALWAYS_EMBED_SWIFT_STANDARD_LIBRARIES = YES;
				BUNDLE_LOADER = "$(TEST_HOST)";
				CODE_SIGN_STYLE = Automatic;
				CURRENT_PROJECT_VERSION = 1;
				DEVELOPMENT_TEAM = 7GSB73UMP3;
				GENERATE_INFOPLIST_FILE = YES;
				IPHONEOS_DEPLOYMENT_TARGET = 16.1;
				MARKETING_VERSION = 1.0;
				PRODUCT_BUNDLE_IDENTIFIER = khai.SSSTests;
				PRODUCT_NAME = "$(TARGET_NAME)";
				SWIFT_EMIT_LOC_STRINGS = NO;
				SWIFT_VERSION = 5.0;
				TARGETED_DEVICE_FAMILY = "1,2";
				TEST_HOST = "$(BUILT_PRODUCTS_DIR)/SSS.app/$(BUNDLE_EXECUTABLE_FOLDER_PATH)/SSS";
			};
			name = Release;
		};
		EEB063CA2927173500EC9DCC /* Debug */ = {
			isa = XCBuildConfiguration;
			buildSettings = {
				ALWAYS_EMBED_SWIFT_STANDARD_LIBRARIES = YES;
				CODE_SIGN_STYLE = Automatic;
				CURRENT_PROJECT_VERSION = 1;
				DEVELOPMENT_TEAM = 7GSB73UMP3;
				GENERATE_INFOPLIST_FILE = YES;
				MARKETING_VERSION = 1.0;
				PRODUCT_BUNDLE_IDENTIFIER = khai.SSSUITests;
				PRODUCT_NAME = "$(TARGET_NAME)";
				SWIFT_EMIT_LOC_STRINGS = NO;
				SWIFT_VERSION = 5.0;
				TARGETED_DEVICE_FAMILY = "1,2";
				TEST_TARGET_NAME = SSS;
			};
			name = Debug;
		};
		EEB063CB2927173500EC9DCC /* Release */ = {
			isa = XCBuildConfiguration;
			buildSettings = {
				ALWAYS_EMBED_SWIFT_STANDARD_LIBRARIES = YES;
				CODE_SIGN_STYLE = Automatic;
				CURRENT_PROJECT_VERSION = 1;
				DEVELOPMENT_TEAM = 7GSB73UMP3;
				GENERATE_INFOPLIST_FILE = YES;
				MARKETING_VERSION = 1.0;
				PRODUCT_BUNDLE_IDENTIFIER = khai.SSSUITests;
				PRODUCT_NAME = "$(TARGET_NAME)";
				SWIFT_EMIT_LOC_STRINGS = NO;
				SWIFT_VERSION = 5.0;
				TARGETED_DEVICE_FAMILY = "1,2";
				TEST_TARGET_NAME = SSS;
			};
			name = Release;
		};
/* End XCBuildConfiguration section */

/* Begin XCConfigurationList section */
		EEB063942927173400EC9DCC /* Build configuration list for PBXProject "SSS" */ = {
			isa = XCConfigurationList;
			buildConfigurations = (
				EEB063C12927173500EC9DCC /* Debug */,
				EEB063C22927173500EC9DCC /* Release */,
			);
			defaultConfigurationIsVisible = 0;
			defaultConfigurationName = Release;
		};
		EEB063C32927173500EC9DCC /* Build configuration list for PBXNativeTarget "SSS" */ = {
			isa = XCConfigurationList;
			buildConfigurations = (
				EEB063C42927173500EC9DCC /* Debug */,
				EEB063C52927173500EC9DCC /* Release */,
			);
			defaultConfigurationIsVisible = 0;
			defaultConfigurationName = Release;
		};
		EEB063C62927173500EC9DCC /* Build configuration list for PBXNativeTarget "SSSTests" */ = {
			isa = XCConfigurationList;
			buildConfigurations = (
				EEB063C72927173500EC9DCC /* Debug */,
				EEB063C82927173500EC9DCC /* Release */,
			);
			defaultConfigurationIsVisible = 0;
			defaultConfigurationName = Release;
		};
		EEB063C92927173500EC9DCC /* Build configuration list for PBXNativeTarget "SSSUITests" */ = {
			isa = XCConfigurationList;
			buildConfigurations = (
				EEB063CA2927173500EC9DCC /* Debug */,
				EEB063CB2927173500EC9DCC /* Release */,
			);
			defaultConfigurationIsVisible = 0;
			defaultConfigurationName = Release;
		};
/* End XCConfigurationList section */
	};
	rootObject = EEB063912927173400EC9DCC /* Project object */;
}
